
Microsoft Visual Studio Solution File, Format Version 12.00
Project("{FAE04EC0-301F-11D3-BF4B-00C04F79EFBC}") = "Api", "Api\Api.csproj", "{DD0DE125-6660-4C96-9ED9-091246AF2FEB}"
EndProject
Project("{FAE04EC0-301F-11D3-BF4B-00C04F79EFBC}") = "TourEd.Lib", "Toured.Lib\TourEd.Lib.csproj", "{C31C1AED-8087-458A-815A-7A1B4557285D}"
EndProject
Project("{FAE04EC0-301F-11D3-BF4B-00C04F79EFBC}") = "TourEd.Tests", "TourEd.Tests\TourEd.Tests.csproj", "{FE80C198-2DF2-4C7D-85AB-4FF8677F16D0}"
EndProject
Global
	GlobalSection(SolutionConfigurationPlatforms) = preSolution
		Debug|Any CPU = Debug|Any CPU
		Release|Any CPU = Release|Any CPU
	EndGlobalSection
	GlobalSection(NestedProjects) = preSolution
	EndGlobalSection
	GlobalSection(ProjectConfigurationPlatforms) = postSolution
		{DD0DE125-6660-4C96-9ED9-091246AF2FEB}.Debug|Any CPU.ActiveCfg = Debug|Any CPU
		{DD0DE125-6660-4C96-9ED9-091246AF2FEB}.Debug|Any CPU.Build.0 = Debug|Any CPU
		{DD0DE125-6660-4C96-9ED9-091246AF2FEB}.Release|Any CPU.ActiveCfg = Release|Any CPU
		{DD0DE125-6660-4C96-9ED9-091246AF2FEB}.Release|Any CPU.Build.0 = Release|Any CPU
		{C31C1AED-8087-458A-815A-7A1B4557285D}.Debug|Any CPU.ActiveCfg = Debug|Any CPU
		{C31C1AED-8087-458A-815A-7A1B4557285D}.Debug|Any CPU.Build.0 = Debug|Any CPU
		{C31C1AED-8087-458A-815A-7A1B4557285D}.Release|Any CPU.ActiveCfg = Release|Any CPU
		{C31C1AED-8087-458A-815A-7A1B4557285D}.Release|Any CPU.Build.0 = Release|Any CPU
		{FE80C198-2DF2-4C7D-85AB-4FF8677F16D0}.Debug|Any CPU.ActiveCfg = Debug|Any CPU
		{FE80C198-2DF2-4C7D-85AB-4FF8677F16D0}.Debug|Any CPU.Build.0 = Debug|Any CPU
		{FE80C198-2DF2-4C7D-85AB-4FF8677F16D0}.Release|Any CPU.ActiveCfg = Release|Any CPU
		{FE80C198-2DF2-4C7D-85AB-4FF8677F16D0}.Release|Any CPU.Build.0 = Release|Any CPU
	EndGlobalSection
EndGlobal
